{
  "name": "Ecomerce_prj",
  "lockfileVersion": 3,
  "requires": true,
  "packages": {
    "": {
      "dependencies": {
        "react-form-hook": "^0.0.1"
      }
    },
    "node_modules/react-form-hook": {
      "version": "0.0.1",
      "resolved": "https://registry.npmjs.org/react-form-hook/-/react-form-hook-0.0.1.tgz",
      "integrity": "sha512-uTC837MyrUs4gknm3UAt3ElwV/YUJ/ztUolJORBxb/W1po5NDZJYSTZkJz5Z9Cy9ZPxdfjOmZf+DwvVTm6v70Q==",
      "license": "ISC"
    }
  }
}
